{
    "_readme": [
        "This file locks the dependencies of your project to a known state",
        "Read more about it at http://getcomposer.org/doc/01-basic-usage.md#composer-lock-the-lock-file",
        "This file is @generated automatically"
    ],
    "hash": "f2df06dab151988b131c415434b71f64",
    "packages": [
        {
            "name": "melting/modx/package",
            "version": "v0.2.1",
            "source": {
                "type": "git",
                "url": "https://github.com/meltingmedia/MODX-Package-Installer.git",
                "reference": "b2f78da2e824128e03b1d418100bef6775fb30ba"
            },
            "dist": {
                "type": "zip",
                "url": "https://api.github.com/repos/meltingmedia/MODX-Package-Installer/zipball/b2f78da2e824128e03b1d418100bef6775fb30ba",
                "reference": "b2f78da2e824128e03b1d418100bef6775fb30ba",
                "shasum": ""
            },
            "archive": {
                "exclude": [
                    "/VERSION",
                    "/.gitignore"
                ]
            },
            "require": {
                "php": ">=5.3.0"
            },
            "type": "library",
            "autoload": {
                "psr-4": {
                    "Melting\\MODX\\Package\\": "src/"
                }
            },
            "license": [
                "MIT"
            ],
            "authors": [
                {
                    "name": "Romain Tripault",
                    "email": "romain@melting-media.com",
                    "homepage": "http://melting-media.com",
                    "role": "Developer"
                }
            ],
            "description": "Helper to install MODX packages from providers or from local packages.",
            "keywords": [
                "helper",
                "modx",
                "package"
            ],
            "support": {
                "source": "https://github.com/meltingmedia/MODX-Package-Installer/tree/v0.2.1",
                "issues": "https://github.com/meltingmedia/MODX-Package-Installer/issues"
            },
            "time": "2015-05-11 11:17:03"
        }
    ],
    "packages-dev": [],
    "aliases": [],
    "minimum-stability": "dev",
    "stability-flags": [],
    "prefer-stable": false,
    "prefer-lowest": false,
    "platform": [],
    "platform-dev": []
}
